
Microsoft Visual Studio Solution File, Format Version 12.00
# Visual Studio Version 17
VisualStudioVersion = 17.2.32519.379
MinimumVisualStudioVersion = 10.0.40219.1
Project("{2150E333-8FDC-42A3-9474-1A3956D46DE8}") = "Solution Items", "Solution Items", "{5CA8DDDF-50C5-4044-A78C-170228780423}"
	ProjectSection(SolutionItems) = preProject
		nanoframework.Hosting.nuspec = nanoframework.Hosting.nuspec
		README.md = README.md
		version.json = version.json
	EndProjectSection
EndProject
Project("{11A8DD76-328B-46DF-9F39-F559912D0360}") = "nanoFramework.Hosting", "nanoFramework.Hosting\nanoFramework.Hosting.nfproj", "{AEEA2C38-FF56-4ACD-9DF5-E0BEA2D1263A}"
EndProject
Project("{11A8DD76-328B-46DF-9F39-F559912D0360}") = "nanoFramework.Hosting.UnitTests", "tests\nanoFramework.Hosting.UnitTests.nfproj", "{450AF2B8-2C40-4C3D-BEE3-091F01BD97F1}"
EndProject
Global
	GlobalSection(SolutionConfigurationPlatforms) = preSolution
		Debug|Any CPU = Debug|Any CPU
		Release|Any CPU = Release|Any CPU
	EndGlobalSection
	GlobalSection(ProjectConfigurationPlatforms) = postSolution
		{AEEA2C38-FF56-4ACD-9DF5-E0BEA2D1263A}.Debug|Any CPU.ActiveCfg = Debug|Any CPU
		{AEEA2C38-FF56-4ACD-9DF5-E0BEA2D1263A}.Debug|Any CPU.Build.0 = Debug|Any CPU
		{AEEA2C38-FF56-4ACD-9DF5-E0BEA2D1263A}.Debug|Any CPU.Deploy.0 = Debug|Any CPU
		{AEEA2C38-FF56-4ACD-9DF5-E0BEA2D1263A}.Release|Any CPU.ActiveCfg = Release|Any CPU
		{AEEA2C38-FF56-4ACD-9DF5-E0BEA2D1263A}.Release|Any CPU.Build.0 = Release|Any CPU
		{AEEA2C38-FF56-4ACD-9DF5-E0BEA2D1263A}.Release|Any CPU.Deploy.0 = Release|Any CPU
		{450AF2B8-2C40-4C3D-BEE3-091F01BD97F1}.Debug|Any CPU.ActiveCfg = Debug|Any CPU
		{450AF2B8-2C40-4C3D-BEE3-091F01BD97F1}.Debug|Any CPU.Build.0 = Debug|Any CPU
		{450AF2B8-2C40-4C3D-BEE3-091F01BD97F1}.Debug|Any CPU.Deploy.0 = Debug|Any CPU
		{450AF2B8-2C40-4C3D-BEE3-091F01BD97F1}.Release|Any CPU.ActiveCfg = Release|Any CPU
		{450AF2B8-2C40-4C3D-BEE3-091F01BD97F1}.Release|Any CPU.Build.0 = Release|Any CPU
		{450AF2B8-2C40-4C3D-BEE3-091F01BD97F1}.Release|Any CPU.Deploy.0 = Release|Any CPU
	EndGlobalSection
	GlobalSection(SolutionProperties) = preSolution
		HideSolutionNode = FALSE
	EndGlobalSection
	GlobalSection(ExtensibilityGlobals) = postSolution
		SolutionGuid = {F36078E1-F784-459A-B4A7-330B3F2BBEA0}
	EndGlobalSection
EndGlobal
