{
  "version": 1,
  "dependencies": {
    "Unsupported,Version=v0.0": {
      "nanoFramework.CoreLibrary": {
        "type": "Direct",
        "requested": "[1.15.5, 1.15.5]",
        "resolved": "1.15.5",
        "contentHash": "u2+GvAp1uxLrGdILACAZy+EVKOs28EQ52j8Lz7599egXZ3GBGejjnR2ofhjMQwzrJLlgtyrsx8nSLngDfJNsAg=="
      },
      "nanoFramework.DependencyInjection": {
        "type": "Direct",
        "requested": "[1.1.11, 1.1.11]",
        "resolved": "1.1.11",
        "contentHash": "9YKkTehl/1ZUxzx5o6zJPd0g0Qm1XibUDSkA+hpbcf5OVpoV2ciWyMLwz3+cbWf/IFSm7De7HrZclOukTxYS8w=="
      },
      "nanoFramework.TestFramework": {
        "type": "Direct",
        "requested": "[3.0.43, 3.0.43]",
        "resolved": "3.0.43",
        "contentHash": "yK9b9XbV64V4REGK5lmywI0U6kZF6NO37jbM+nt49EB+2t/27GzprLJc4XpyZ9YXcSmjvUrafvqKABu0q1amjQ=="
      }
    }
  }
}