{
  "version": 1,
  "dependencies": {
    ".NETnanoFramework,Version=v1.0": {
      "nanoFramework.CoreLibrary": {
        "type": "Direct",
        "requested": "[2.0.0-preview.43, 2.0.0-preview.43]",
        "resolved": "2.0.0-preview.43",
        "contentHash": "ijOdswxNI+zhN7MrRMjJPe7pAVhqARvpEOFKUKH6D18NUS3CCQ9+IoyVs3zJhmmBk53YmAErFAdCnAWLVxUu8Q=="
      },
      "nanoFramework.DependencyInjection": {
        "type": "Direct",
        "requested": "[2.0.0-preview.6, 2.0.0-preview.6]",
        "resolved": "2.0.0-preview.6",
        "contentHash": "y3pZxISkRWBlxFq0ls4CdOcqiZl0ZlwIbmVC7IokODjqqfMXm+4bf5vNj/Ioihp1/yVDfqpfMbVOOHOnesP0fw=="
      },
      "nanoFramework.Logging": {
        "type": "Direct",
        "requested": "[2.0.0-preview.12, 2.0.0-preview.12]",
        "resolved": "2.0.0-preview.12",
        "contentHash": "8U/G5cwjp4EhqmWju/DzUIsLygVXaciJ0jc73z2TBich9xnOWojV9CTvMtpp+F18QsvHX9geLRoC+dgNtAlUEg=="
      },
      "nanoFramework.System.Collections": {
        "type": "Direct",
        "requested": "[2.0.0-preview.13, 2.0.0-preview.13]",
        "resolved": "2.0.0-preview.13",
        "contentHash": "LEfv51hBTigSimGDszg82kLLL94u4eHkRTiynim43VHvEidquK+JoxIJa+kAxilkkTl+fFA/cMUxUQG7djAxaA=="
      },
      "nanoFramework.System.Threading": {
        "type": "Direct",
        "requested": "[2.0.0-preview.9, 2.0.0-preview.9]",
        "resolved": "2.0.0-preview.9",
        "contentHash": "5bn3gYlNFhufVyypUUoBbmVZm3l502UikPvS4JbHJZXeEzWpUVBLUlcMOP9s9zFtinZ8F8KJixYFJaDKvvn5UQ=="
      },
      "nanoFramework.TestFramework": {
        "type": "Direct",
        "requested": "[4.0.0-preview.49, 4.0.0-preview.49]",
        "resolved": "4.0.0-preview.49",
        "contentHash": "9YYWJIV8o1LPHVmXiQWbfmIKIu/9Ioxw6qWGShpn7K9zX9hgEs7N3NmY+81Ku7rGssUSyKd3RCL2HvXFosRX2g=="
      }
    }
  }
}