{
  "version": 1,
  "dependencies": {
    "Unsupported,Version=v0.0": {
      "nanoFramework.CoreLibrary": {
        "type": "Direct",
        "requested": "[1.15.5, 1.15.5]",
        "resolved": "1.15.5",
        "contentHash": "u2+GvAp1uxLrGdILACAZy+EVKOs28EQ52j8Lz7599egXZ3GBGejjnR2ofhjMQwzrJLlgtyrsx8nSLngDfJNsAg=="
      },
      "nanoFramework.DependencyInjection": {
        "type": "Direct",
        "requested": "[1.1.3, 1.1.3]",
        "resolved": "1.1.3",
        "contentHash": "ZUViTakotURjfKS/AV+9HNa2RfjbcaM1Lc9C9U+SR+NXjFusPU0v9b7CmwalMaRGiYhlDsB+M6iSFKztPwcJOQ=="
      },
      "nanoFramework.TestFramework": {
        "type": "Direct",
        "requested": "[2.1.111, 2.1.111]",
        "resolved": "2.1.111",
        "contentHash": "tgMOyoTOFlD4pjXVEmiwXKbWP+8aPVyRpQ6+iR6XrfWNYkS1TUPeF0IgwHIm+HyqBAQzU8mTyOor5DdIyhfa8A=="
      }
    }
  }
}