{
  "version": 1,
  "dependencies": {
    ".NETnanoFramework,Version=v1.0": {
      "nanoFramework.CoreLibrary": {
        "type": "Direct",
        "requested": "[2.0.0-preview.52, 2.0.0-preview.52]",
        "resolved": "2.0.0-preview.52",
        "contentHash": "cV9JEhoc2OV/UL602i5xmEwQpnn/gzVMlDTAIAMRxCNwBKNYLO9U50OkJykpGnO2SULTsmvFqQWEGZiuANBZHw=="
      },
      "nanoFramework.DependencyInjection": {
        "type": "Direct",
        "requested": "[2.0.0-preview.9, 2.0.0-preview.9]",
        "resolved": "2.0.0-preview.9",
        "contentHash": "xTu5zsZ3WMBIpgNMB9+eq5jP9aRUu4kJa3hMexCGk2X7IQV7mmzYGkGyH62I03JLY4fWQWtytOZnNuHYkvd2VQ=="
      },
      "nanoFramework.Logging": {
        "type": "Direct",
        "requested": "[2.0.0-preview.21, 2.0.0-preview.21]",
        "resolved": "2.0.0-preview.21",
        "contentHash": "nu+9/LCoFTkYbEg+fo3qIIlOk6Tli89klhH8MAPi0++jj/ycTNmPVhAPhfwaKx5xCskxs+4v4xiheIxAaOaFmw=="
      },
      "nanoFramework.System.Collections": {
        "type": "Direct",
        "requested": "[2.0.0-preview.14, 2.0.0-preview.14]",
        "resolved": "2.0.0-preview.14",
        "contentHash": "bD/aprDzvUS7UGXXnP1NxY2fVw2686gNtiDXt1CV3IMA6YKu7cGXdPXfO8RYDkPNkHJ8omuHNuyUaq0OhJH82g=="
      },
      "nanoFramework.System.Threading": {
        "type": "Direct",
        "requested": "[2.0.0-preview.11, 2.0.0-preview.11]",
        "resolved": "2.0.0-preview.11",
        "contentHash": "2o1p17pjNoV2DNZEaO2EKu8L9tR2CSwE558iVxyCUa8EZ4T4C98E9YyZmryXTlTB/wzEfLzB0I5GAVsQGHWKeg=="
      },
      "Nerdbank.GitVersioning": {
        "type": "Direct",
        "requested": "[3.9.50, 3.9.50]",
        "resolved": "3.9.50",
        "contentHash": "HtOgGF6jZ+WYbXnCUCYPT8Y2d6mIJo9ozjK/FINTRsXdm4Zgv9GehUMa7EFoGQkqrMcDJNOIDwCmENnvXg4UbA=="
      }
    }
  }
}