{
  "version": 1,
  "dependencies": {
    "Unsupported,Version=v0.0": {
      "nanoFramework.CoreLibrary": {
        "type": "Direct",
        "requested": "[1.17.7, 1.17.7]",
        "resolved": "1.17.7",
        "contentHash": "LbP1JJXV5g9cSxb4TgWBIFHXtW6fpKHy/FcylOHAn8WAh/smkyWRrwzEj4784QvScNi/b07zn+A5/JpmDvLc1A=="
      },
      "nanoFramework.DependencyInjection": {
        "type": "Direct",
        "requested": "[1.1.30, 1.1.30]",
        "resolved": "1.1.30",
        "contentHash": "K1BSxcrFN0bfB59Cj6NV6U2BLp1L1MLhj3ON15pdG659h2F3tktxHVpaDqTbtFGh+bCPCb/OdCdC2g+Ij02PDQ=="
      },
      "nanoFramework.Logging": {
        "type": "Direct",
        "requested": "[1.1.151, 1.1.151]",
        "resolved": "1.1.151",
        "contentHash": "PusUQflvEEvHP3Q9Rp2CmmEZ8LxOyLt9Az6IwlDImYEj4f/ME4MRQDA7eA0f31QxxxmjvLXKzcXIamgKWrvuOA=="
      },
      "nanoFramework.System.Collections": {
        "type": "Direct",
        "requested": "[1.5.63, 1.5.63]",
        "resolved": "1.5.63",
        "contentHash": "TuYK0RwyRovRal7HBwVsfJDT7qSKa+6sk16kcV7p+VOPD4h8Pi7Qo0v2BbwAL5YWS+4wTTEWr0JgwOrYpGVrtA=="
      },
      "nanoFramework.System.Threading": {
        "type": "Direct",
        "requested": "[1.1.50, 1.1.50]",
        "resolved": "1.1.50",
        "contentHash": "L0TQAdPWYrh19vI+3UGAuSIvSTHKG3dLyh/tuC5R5PryRnYvCILBWvgfadEPpEUenybF3cuBPOIMe7MZB12HGw=="
      },
      "Nerdbank.GitVersioning": {
        "type": "Direct",
        "requested": "[3.7.115, 3.7.115]",
        "resolved": "3.7.115",
        "contentHash": "EpXamaAdRfG/BMxGgvZlTM0npRnkmXUjAj8OdNKd17t4oN+2nvjdv/KnFmzOOMDqvlwB49UCwtOHJrAQTfUBtQ=="
      }
    }
  }
}